
Microsoft Visual Studio Solution File, Format Version 12.00
# Visual Studio Version 16
VisualStudioVersion = 16.0.30717.126
MinimumVisualStudioVersion = 10.0.40219.1
Project("{FAE04EC0-301F-11D3-BF4B-00C04F79EFBC}") = "Races", "Races\Races.csproj", "{BBBEB48E-21EE-4099-979F-F7753854AA76}"
EndProject
Project("{FAE04EC0-301F-11D3-BF4B-00C04F79EFBC}") = "UnitTestRaces", "UnitTestRaces\UnitTestRaces.csproj", "{AD545BBC-E08E-415B-BF0C-209C00AB08C2}"
EndProject
Global
	GlobalSection(SolutionConfigurationPlatforms) = preSolution
		Debug|Any CPU = Debug|Any CPU
		Debug|x86 = Debug|x86
		Release|Any CPU = Release|Any CPU
		Release|x86 = Release|x86
	EndGlobalSection
	GlobalSection(ProjectConfigurationPlatforms) = postSolution
		{BBBEB48E-21EE-4099-979F-F7753854AA76}.Debug|Any CPU.ActiveCfg = Debug|x86
		{BBBEB48E-21EE-4099-979F-F7753854AA76}.Debug|x86.ActiveCfg = Debug|x86
		{BBBEB48E-21EE-4099-979F-F7753854AA76}.Debug|x86.Build.0 = Debug|x86
		{BBBEB48E-21EE-4099-979F-F7753854AA76}.Release|Any CPU.ActiveCfg = Release|x86
		{BBBEB48E-21EE-4099-979F-F7753854AA76}.Release|x86.ActiveCfg = Release|x86
		{BBBEB48E-21EE-4099-979F-F7753854AA76}.Release|x86.Build.0 = Release|x86
		{AD545BBC-E08E-415B-BF0C-209C00AB08C2}.Debug|Any CPU.ActiveCfg = Debug|Any CPU
		{AD545BBC-E08E-415B-BF0C-209C00AB08C2}.Debug|Any CPU.Build.0 = Debug|Any CPU
		{AD545BBC-E08E-415B-BF0C-209C00AB08C2}.Debug|x86.ActiveCfg = Debug|Any CPU
		{AD545BBC-E08E-415B-BF0C-209C00AB08C2}.Debug|x86.Build.0 = Debug|Any CPU
		{AD545BBC-E08E-415B-BF0C-209C00AB08C2}.Release|Any CPU.ActiveCfg = Release|Any CPU
		{AD545BBC-E08E-415B-BF0C-209C00AB08C2}.Release|Any CPU.Build.0 = Release|Any CPU
		{AD545BBC-E08E-415B-BF0C-209C00AB08C2}.Release|x86.ActiveCfg = Release|Any CPU
		{AD545BBC-E08E-415B-BF0C-209C00AB08C2}.Release|x86.Build.0 = Release|Any CPU
	EndGlobalSection
	GlobalSection(SolutionProperties) = preSolution
		HideSolutionNode = FALSE
	EndGlobalSection
	GlobalSection(ExtensibilityGlobals) = postSolution
		SolutionGuid = {7838325E-AD29-4AA9-897C-7233979A2FCB}
	EndGlobalSection
EndGlobal
